{
  "pins" : [
    {
      "identity" : "alamofire",
      "kind" : "remoteSourceControl",
      "location" : "https://github.com/Alamofire/Alamofire.git",
      "state" : {
        "branch" : "master",
        "revision" : "41bcbaf24f67efb2befd8abc0f32f0c66d1c78be"
      }
    },
    {
      "identity" : "cardslider",
      "kind" : "remoteSourceControl",
      "location" : "https://github.com/Ramotion/cardslider.git",
      "state" : {
        "branch" : "master",
        "revision" : "b66a2bcfff00b3a6bb68e366a61692ebaea7ae44"
      }
    },
    {
      "identity" : "fscalendar",
      "kind" : "remoteSourceControl",
      "location" : "https://github.com/WenchaoD/FSCalendar.git",
      "state" : {
        "revision" : "0fbdec5172fccb90f707472eeaea4ffe095278f6",
        "version" : "2.8.4"
      }
    },
    {
      "identity" : "sdwebimage",
      "kind" : "remoteSourceControl",
      "location" : "https://github.com/SDWebImage/SDWebImage.git",
      "state" : {
        "branch" : "master",
        "revision" : "6e844d19679c9e0833ccc363d7f5a7c5f0c5f5d7"
      }
    }
  ],
  "version" : 2
}
